
Microsoft Visual Studio Solution File, Format Version 12.00
# Visual Studio Version 17
VisualStudioVersion = 17.3.32901.215
MinimumVisualStudioVersion = 10.0.40219.1
Project("{FAE04EC0-301F-11D3-BF4B-00C04F79EFBC}") = "GTR", "GTR\GTR.csproj", "{EC1BB7BA-8A44-4228-A6D9-719E5CB1EC2F}"
EndProject
Project("{FAE04EC0-301F-11D3-BF4B-00C04F79EFBC}") = "BLL", "BLL\BLL.csproj", "{CAD7AB19-689E-45A3-8F45-21D38721FB32}"
EndProject
Project("{FAE04EC0-301F-11D3-BF4B-00C04F79EFBC}") = "DAL", "DAL\DAL.csproj", "{AC305FA3-668E-4027-A26E-BD0060CC8354}"
EndProject
Global
	GlobalSection(SolutionConfigurationPlatforms) = preSolution
		Debug|Any CPU = Debug|Any CPU
		Release|Any CPU = Release|Any CPU
	EndGlobalSection
	GlobalSection(ProjectConfigurationPlatforms) = postSolution
		{EC1BB7BA-8A44-4228-A6D9-719E5CB1EC2F}.Debug|Any CPU.ActiveCfg = Debug|Any CPU
		{EC1BB7BA-8A44-4228-A6D9-719E5CB1EC2F}.Debug|Any CPU.Build.0 = Debug|Any CPU
		{EC1BB7BA-8A44-4228-A6D9-719E5CB1EC2F}.Release|Any CPU.ActiveCfg = Release|Any CPU
		{EC1BB7BA-8A44-4228-A6D9-719E5CB1EC2F}.Release|Any CPU.Build.0 = Release|Any CPU
		{CAD7AB19-689E-45A3-8F45-21D38721FB32}.Debug|Any CPU.ActiveCfg = Debug|Any CPU
		{CAD7AB19-689E-45A3-8F45-21D38721FB32}.Debug|Any CPU.Build.0 = Debug|Any CPU
		{CAD7AB19-689E-45A3-8F45-21D38721FB32}.Release|Any CPU.ActiveCfg = Release|Any CPU
		{CAD7AB19-689E-45A3-8F45-21D38721FB32}.Release|Any CPU.Build.0 = Release|Any CPU
		{AC305FA3-668E-4027-A26E-BD0060CC8354}.Debug|Any CPU.ActiveCfg = Debug|Any CPU
		{AC305FA3-668E-4027-A26E-BD0060CC8354}.Debug|Any CPU.Build.0 = Debug|Any CPU
		{AC305FA3-668E-4027-A26E-BD0060CC8354}.Release|Any CPU.ActiveCfg = Release|Any CPU
		{AC305FA3-668E-4027-A26E-BD0060CC8354}.Release|Any CPU.Build.0 = Release|Any CPU
	EndGlobalSection
	GlobalSection(SolutionProperties) = preSolution
		HideSolutionNode = FALSE
	EndGlobalSection
	GlobalSection(ExtensibilityGlobals) = postSolution
		SolutionGuid = {DD358D29-B331-4A3D-B6C2-AC989AF5BDF8}
	EndGlobalSection
EndGlobal
